
Microsoft Visual Studio Solution File, Format Version 12.00
# Visual Studio Version 16
VisualStudioVersion = 16.0.30406.217
MinimumVisualStudioVersion = 10.0.40219.1
Project("{FAE04EC0-301F-11D3-BF4B-00C04F79EFBC}") = "TestProj1", "TestProj1\TestProj1.csproj", "{DB2D079B-74BE-4173-9673-4578BA8B0946}"
EndProject
Global
	GlobalSection(SolutionConfigurationPlatforms) = preSolution
		Debug|Any CPU = Debug|Any CPU
		Release|Any CPU = Release|Any CPU
	EndGlobalSection
	GlobalSection(ProjectConfigurationPlatforms) = postSolution
		{DB2D079B-74BE-4173-9673-4578BA8B0946}.Debug|Any CPU.ActiveCfg = Debug|Any CPU
		{DB2D079B-74BE-4173-9673-4578BA8B0946}.Debug|Any CPU.Build.0 = Debug|Any CPU
		{DB2D079B-74BE-4173-9673-4578BA8B0946}.Release|Any CPU.ActiveCfg = Release|Any CPU
		{DB2D079B-74BE-4173-9673-4578BA8B0946}.Release|Any CPU.Build.0 = Release|Any CPU
	EndGlobalSection
	GlobalSection(SolutionProperties) = preSolution
		HideSolutionNode = FALSE
	EndGlobalSection
	GlobalSection(ExtensibilityGlobals) = postSolution
		SolutionGuid = {775EFB08-0D6F-4C99-8A45-CD81FE8A0230}
	EndGlobalSection
EndGlobal
